
Microsoft Visual Studio Solution File, Format Version 12.00
# Visual Studio Version 16
VisualStudioVersion = 16.0.31702.278
MinimumVisualStudioVersion = 10.0.40219.1
Project("{8BC9CEB8-8B4A-11D0-8D11-00A0C91BC942}") = "AntSimulation", "AntSimulation\AntSimulation.vcxproj", "{5679C1E3-0416-4FD4-96F2-5D20CB116C31}"
EndProject
Global
	GlobalSection(SolutionConfigurationPlatforms) = preSolution
		Debug|x64 = Debug|x64
		Release|x64 = Release|x64
	EndGlobalSection
	GlobalSection(ProjectConfigurationPlatforms) = postSolution
		{5679C1E3-0416-4FD4-96F2-5D20CB116C31}.Debug|x64.ActiveCfg = Debug|x64
		{5679C1E3-0416-4FD4-96F2-5D20CB116C31}.Debug|x64.Build.0 = Debug|x64
		{5679C1E3-0416-4FD4-96F2-5D20CB116C31}.Release|x64.ActiveCfg = Release|x64
		{5679C1E3-0416-4FD4-96F2-5D20CB116C31}.Release|x64.Build.0 = Release|x64
	EndGlobalSection
	GlobalSection(SolutionProperties) = preSolution
		HideSolutionNode = FALSE
	EndGlobalSection
	GlobalSection(ExtensibilityGlobals) = postSolution
		SolutionGuid = {A0D63DC4-A6D9-4E8D-A40C-D1A3F974BB03}
	EndGlobalSection
EndGlobal
